
Microsoft Visual Studio Solution File, Format Version 12.00
# Visual Studio Version 17
VisualStudioVersion = 17.0.31903.59
MinimumVisualStudioVersion = 10.0.40219.1
Project("{FAE04EC0-301F-11D3-BF4B-00C04F79EFBC}") = "OlaMundo", "OlaMundo\OlaMundo.csproj", "{8868664B-3C34-40D7-9D00-CC5970849DDB}"
EndProject
Project("{FAE04EC0-301F-11D3-BF4B-00C04F79EFBC}") = "Argumentos", "Argumentos\Argumentos.csproj", "{42A378FC-C2F6-4B95-97BC-363CDA1F9DE1}"
EndProject
Global
	GlobalSection(SolutionConfigurationPlatforms) = preSolution
		Debug|Any CPU = Debug|Any CPU
		Release|Any CPU = Release|Any CPU
	EndGlobalSection
	GlobalSection(SolutionProperties) = preSolution
		HideSolutionNode = FALSE
	EndGlobalSection
	GlobalSection(ProjectConfigurationPlatforms) = postSolution
		{8868664B-3C34-40D7-9D00-CC5970849DDB}.Debug|Any CPU.ActiveCfg = Debug|Any CPU
		{8868664B-3C34-40D7-9D00-CC5970849DDB}.Debug|Any CPU.Build.0 = Debug|Any CPU
		{8868664B-3C34-40D7-9D00-CC5970849DDB}.Release|Any CPU.ActiveCfg = Release|Any CPU
		{8868664B-3C34-40D7-9D00-CC5970849DDB}.Release|Any CPU.Build.0 = Release|Any CPU
		{42A378FC-C2F6-4B95-97BC-363CDA1F9DE1}.Debug|Any CPU.ActiveCfg = Debug|Any CPU
		{42A378FC-C2F6-4B95-97BC-363CDA1F9DE1}.Debug|Any CPU.Build.0 = Debug|Any CPU
		{42A378FC-C2F6-4B95-97BC-363CDA1F9DE1}.Release|Any CPU.ActiveCfg = Release|Any CPU
		{42A378FC-C2F6-4B95-97BC-363CDA1F9DE1}.Release|Any CPU.Build.0 = Release|Any CPU
	EndGlobalSection
EndGlobal
